
Microsoft Visual Studio Solution File, Format Version 12.00
# Visual Studio Version 17
VisualStudioVersion = 17.6.33829.357
MinimumVisualStudioVersion = 10.0.40219.1
Project("{9A19103F-16F7-4668-BE54-9A1E7A4F7556}") = "ModbusSensorUtility.Wpf", "ModbusSensorUtility.Wpf\ModbusSensorUtility.Wpf.csproj", "{6C92A9F3-9484-4B8E-83BB-BB8EE2970297}"
EndProject
Project("{9A19103F-16F7-4668-BE54-9A1E7A4F7556}") = "ModbusSensorUtility.Log", "ModbusSensorUtility.Log\ModbusSensorUtility.Log.csproj", "{198BCC37-5CA3-42DB-88DF-BA3173B06197}"
EndProject
Project("{FAE04EC0-301F-11D3-BF4B-00C04F79EFBC}") = "ModbusSensorUtility.Test", "ModbusSensorUtility.Test\ModbusSensorUtility.Test.csproj", "{0016B074-628D-49C4-A905-3CCE23E669F8}"
EndProject
Global
	GlobalSection(SolutionConfigurationPlatforms) = preSolution
		Debug|Any CPU = Debug|Any CPU
		Release|Any CPU = Release|Any CPU
	EndGlobalSection
	GlobalSection(ProjectConfigurationPlatforms) = postSolution
		{6C92A9F3-9484-4B8E-83BB-BB8EE2970297}.Debug|Any CPU.ActiveCfg = Debug|Any CPU
		{6C92A9F3-9484-4B8E-83BB-BB8EE2970297}.Debug|Any CPU.Build.0 = Debug|Any CPU
		{6C92A9F3-9484-4B8E-83BB-BB8EE2970297}.Release|Any CPU.ActiveCfg = Release|Any CPU
		{6C92A9F3-9484-4B8E-83BB-BB8EE2970297}.Release|Any CPU.Build.0 = Release|Any CPU
		{198BCC37-5CA3-42DB-88DF-BA3173B06197}.Debug|Any CPU.ActiveCfg = Debug|Any CPU
		{198BCC37-5CA3-42DB-88DF-BA3173B06197}.Debug|Any CPU.Build.0 = Debug|Any CPU
		{198BCC37-5CA3-42DB-88DF-BA3173B06197}.Release|Any CPU.ActiveCfg = Release|Any CPU
		{198BCC37-5CA3-42DB-88DF-BA3173B06197}.Release|Any CPU.Build.0 = Release|Any CPU
		{0016B074-628D-49C4-A905-3CCE23E669F8}.Debug|Any CPU.ActiveCfg = Debug|Any CPU
		{0016B074-628D-49C4-A905-3CCE23E669F8}.Debug|Any CPU.Build.0 = Debug|Any CPU
		{0016B074-628D-49C4-A905-3CCE23E669F8}.Release|Any CPU.ActiveCfg = Release|Any CPU
		{0016B074-628D-49C4-A905-3CCE23E669F8}.Release|Any CPU.Build.0 = Release|Any CPU
	EndGlobalSection
	GlobalSection(SolutionProperties) = preSolution
		HideSolutionNode = FALSE
	EndGlobalSection
	GlobalSection(ExtensibilityGlobals) = postSolution
		SolutionGuid = {92CB699C-BB71-4071-9A1B-7BD862B2BA24}
	EndGlobalSection
EndGlobal
